
Microsoft Visual Studio Solution File, Format Version 12.00
# Visual Studio Version 16
VisualStudioVersion = 16.0.30621.155
MinimumVisualStudioVersion = 10.0.40219.1
Project("{FAE04EC0-301F-11D3-BF4B-00C04F79EFBC}") = "VS-code-generator", "VS-code-generator\VS-code-generator.csproj", "{0B913EDB-6320-4C02-829E-08A971E8E234}"
EndProject
Global
	GlobalSection(SolutionConfigurationPlatforms) = preSolution
		Debug|Any CPU = Debug|Any CPU
		Release|Any CPU = Release|Any CPU
	EndGlobalSection
	GlobalSection(ProjectConfigurationPlatforms) = postSolution
		{0B913EDB-6320-4C02-829E-08A971E8E234}.Debug|Any CPU.ActiveCfg = Debug|Any CPU
		{0B913EDB-6320-4C02-829E-08A971E8E234}.Debug|Any CPU.Build.0 = Debug|Any CPU
		{0B913EDB-6320-4C02-829E-08A971E8E234}.Release|Any CPU.ActiveCfg = Release|Any CPU
		{0B913EDB-6320-4C02-829E-08A971E8E234}.Release|Any CPU.Build.0 = Release|Any CPU
	EndGlobalSection
	GlobalSection(SolutionProperties) = preSolution
		HideSolutionNode = FALSE
	EndGlobalSection
	GlobalSection(ExtensibilityGlobals) = postSolution
		SolutionGuid = {A86DC1D1-AFEA-41CC-BD27-A53417724C19}
	EndGlobalSection
EndGlobal
